
Microsoft Visual Studio Solution File, Format Version 12.00
# Visual Studio Version 16
VisualStudioVersion = 16.0.29920.165
MinimumVisualStudioVersion = 10.0.40219.1
Project("{FAE04EC0-301F-11D3-BF4B-00C04F79EFBC}") = "LabSintaxis3", "LabSintaxis3\LabSintaxis3.csproj", "{E794D10C-3778-4493-AA4B-43712D9B5DB3}"
EndProject
Global
	GlobalSection(SolutionConfigurationPlatforms) = preSolution
		Debug|Any CPU = Debug|Any CPU
		Release|Any CPU = Release|Any CPU
	EndGlobalSection
	GlobalSection(ProjectConfigurationPlatforms) = postSolution
		{E794D10C-3778-4493-AA4B-43712D9B5DB3}.Debug|Any CPU.ActiveCfg = Debug|Any CPU
		{E794D10C-3778-4493-AA4B-43712D9B5DB3}.Debug|Any CPU.Build.0 = Debug|Any CPU
		{E794D10C-3778-4493-AA4B-43712D9B5DB3}.Release|Any CPU.ActiveCfg = Release|Any CPU
		{E794D10C-3778-4493-AA4B-43712D9B5DB3}.Release|Any CPU.Build.0 = Release|Any CPU
	EndGlobalSection
	GlobalSection(SolutionProperties) = preSolution
		HideSolutionNode = FALSE
	EndGlobalSection
	GlobalSection(ExtensibilityGlobals) = postSolution
		SolutionGuid = {2B6D6C8A-88EB-49AF-A6DB-6C64BB190D41}
	EndGlobalSection
EndGlobal
